
Microsoft Visual Studio Solution File, Format Version 12.00
# Visual Studio Version 17
VisualStudioVersion = 17.9.34728.123
MinimumVisualStudioVersion = 10.0.40219.1
Project("{FAE04EC0-301F-11D3-BF4B-00C04F79EFBC}") = "WindowsFormsApp1", "WindowsFormsApp1\WindowsFormsApp1.csproj", "{B720083A-3707-4F50-97B8-28CB59E0A59C}"
EndProject
Global
	GlobalSection(SolutionConfigurationPlatforms) = preSolution
		Debug|Any CPU = Debug|Any CPU
		Release|Any CPU = Release|Any CPU
	EndGlobalSection
	GlobalSection(ProjectConfigurationPlatforms) = postSolution
		{B720083A-3707-4F50-97B8-28CB59E0A59C}.Debug|Any CPU.ActiveCfg = Debug|Any CPU
		{B720083A-3707-4F50-97B8-28CB59E0A59C}.Debug|Any CPU.Build.0 = Debug|Any CPU
		{B720083A-3707-4F50-97B8-28CB59E0A59C}.Release|Any CPU.ActiveCfg = Release|Any CPU
		{B720083A-3707-4F50-97B8-28CB59E0A59C}.Release|Any CPU.Build.0 = Release|Any CPU
	EndGlobalSection
	GlobalSection(SolutionProperties) = preSolution
		HideSolutionNode = FALSE
	EndGlobalSection
	GlobalSection(ExtensibilityGlobals) = postSolution
		SolutionGuid = {E0172D9F-FE2A-4CB2-A959-84785EE9DA38}
	EndGlobalSection
EndGlobal
